
Microsoft Visual Studio Solution File, Format Version 12.00
# Visual Studio 15
VisualStudioVersion = 15.0.28307.572
MinimumVisualStudioVersion = 10.0.40219.1
Project("{FAE04EC0-301F-11D3-BF4B-00C04F79EFBC}") = "ECS.Legacy", "ECS.Legacy\ECS.Legacy.csproj", "{7BBA6D8F-4649-4ADB-B90E-94F0FB6554AC}"
EndProject
Project("{2150E333-8FDC-42A3-9474-1A3956D46DE8}") = "Solution Items", "Solution Items", "{B5CABD59-540F-4FA8-B8A3-17B419172AE8}"
	ProjectSection(SolutionItems) = preProject
		dotCoverCoverageConfig.xml = dotCoverCoverageConfig.xml
	EndProjectSection
EndProject
Project("{FAE04EC0-301F-11D3-BF4B-00C04F79EFBC}") = "Test.ECS.Legacy", "Test.ECS.Legacy\Test.ECS.Legacy.csproj", "{4A76CBB1-95B8-4955-AB66-060AA2EEA7C5}"
EndProject
Global
	GlobalSection(SolutionConfigurationPlatforms) = preSolution
		Debug|Any CPU = Debug|Any CPU
		Release|Any CPU = Release|Any CPU
	EndGlobalSection
	GlobalSection(ProjectConfigurationPlatforms) = postSolution
		{7BBA6D8F-4649-4ADB-B90E-94F0FB6554AC}.Debug|Any CPU.ActiveCfg = Debug|Any CPU
		{7BBA6D8F-4649-4ADB-B90E-94F0FB6554AC}.Debug|Any CPU.Build.0 = Debug|Any CPU
		{7BBA6D8F-4649-4ADB-B90E-94F0FB6554AC}.Release|Any CPU.ActiveCfg = Release|Any CPU
		{7BBA6D8F-4649-4ADB-B90E-94F0FB6554AC}.Release|Any CPU.Build.0 = Release|Any CPU
		{4A76CBB1-95B8-4955-AB66-060AA2EEA7C5}.Debug|Any CPU.ActiveCfg = Debug|Any CPU
		{4A76CBB1-95B8-4955-AB66-060AA2EEA7C5}.Debug|Any CPU.Build.0 = Debug|Any CPU
		{4A76CBB1-95B8-4955-AB66-060AA2EEA7C5}.Release|Any CPU.ActiveCfg = Release|Any CPU
		{4A76CBB1-95B8-4955-AB66-060AA2EEA7C5}.Release|Any CPU.Build.0 = Release|Any CPU
	EndGlobalSection
	GlobalSection(SolutionProperties) = preSolution
		HideSolutionNode = FALSE
	EndGlobalSection
	GlobalSection(ExtensibilityGlobals) = postSolution
		SolutionGuid = {1C628B15-E054-419B-8689-ACB061B5DFB6}
	EndGlobalSection
EndGlobal
